// !$*UTF8*$!
{
	archiveVersion = 1;
	classes = {
	};
	objectVersion = 46;
	objects = {

/* Begin PBXBuildFile section */
		711F7CB619FFB770009BEC4C /* main.m in Sources */ = {isa = PBXBuildFile; fileRef = 711F7CB519FFB770009BEC4C /* main.m */; };
		711F7CB919FFB770009BEC4C /* AppDelegate.m in Sources */ = {isa = PBXBuildFile; fileRef = 711F7CB819FFB770009BEC4C /* AppDelegate.m */; };
		711F7CBF19FFB770009BEC4C /* Main.storyboard in Resources */ = {isa = PBXBuildFile; fileRef = 711F7CBD19FFB770009BEC4C /* Main.storyboard */; };
		711F7CC119FFB770009BEC4C /* Images.xcassets in Resources */ = {isa = PBXBuildFile; fileRef = 711F7CC019FFB770009BEC4C /* Images.xcassets */; };
		711F7CC419FFB770009BEC4C /* LaunchScreen.xib in Resources */ = {isa = PBXBuildFile; fileRef = 711F7CC219FFB770009BEC4C /* LaunchScreen.xib */; };
		711F7CD019FFB770009BEC4C /* SimpleTableViewTests.m in Sources */ = {isa = PBXBuildFile; fileRef = 711F7CCF19FFB770009BEC4C /* SimpleTableViewTests.m */; };
		711F7CDB19FFB7B9009BEC4C /* TableViewController.m in Sources */ = {isa = PBXBuildFile; fileRef = 711F7CDA19FFB7B9009BEC4C /* TableViewController.m */; };
		711F7CDF19FFB7F6009BEC4C /* ThreeLabelsTableViewCell.m in Sources */ = {isa = PBXBuildFile; fileRef = 711F7CDE19FFB7F6009BEC4C /* ThreeLabelsTableViewCell.m */; };
		711F7CE219FFB991009BEC4C /* TableDataSource.m in Sources */ = {isa = PBXBuildFile; fileRef = 711F7CE119FFB991009BEC4C /* TableDataSource.m */; };
		711F7CE619FFBA79009BEC4C /* TrippleDeclaration.m in Sources */ = {isa = PBXBuildFile; fileRef = 711F7CE519FFBA79009BEC4C /* TrippleDeclaration.m */; };
		711F7CE919FFBB99009BEC4C /* ThreeLabelsTableViewCell+Configure.m in Sources */ = {isa = PBXBuildFile; fileRef = 711F7CE819FFBB99009BEC4C /* ThreeLabelsTableViewCell+Configure.m */; };
		711F7CEC19FFC12E009BEC4C /* data.json in Resources */ = {isa = PBXBuildFile; fileRef = 711F7CEB19FFC12E009BEC4C /* data.json */; };
		711F7CF019FFC6E8009BEC4C /* DataManager.m in Sources */ = {isa = PBXBuildFile; fileRef = 711F7CEF19FFC6E8009BEC4C /* DataManager.m */; };
/* End PBXBuildFile section */

/* Begin PBXContainerItemProxy section */
		711F7CCA19FFB770009BEC4C /* PBXContainerItemProxy */ = {
			isa = PBXContainerItemProxy;
			containerPortal = 711F7CA819FFB770009BEC4C /* Project object */;
			proxyType = 1;
			remoteGlobalIDString = 711F7CAF19FFB770009BEC4C;
			remoteInfo = SimpleTableView;
		};
/* End PBXContainerItemProxy section */

/* Begin PBXFileReference section */
		711F7CB019FFB770009BEC4C /* SimpleTableView.app */ = {isa = PBXFileReference; explicitFileType = wrapper.application; includeInIndex = 0; path = SimpleTableView.app; sourceTree = BUILT_PRODUCTS_DIR; };
		711F7CB419FFB770009BEC4C /* Info.plist */ = {isa = PBXFileReference; lastKnownFileType = text.plist.xml; path = Info.plist; sourceTree = "<group>"; };
		711F7CB519FFB770009BEC4C /* main.m */ = {isa = PBXFileReference; lastKnownFileType = sourcecode.c.objc; path = main.m; sourceTree = "<group>"; };
		711F7CB719FFB770009BEC4C /* AppDelegate.h */ = {isa = PBXFileReference; lastKnownFileType = sourcecode.c.h; path = AppDelegate.h; sourceTree = "<group>"; };
		711F7CB819FFB770009BEC4C /* AppDelegate.m */ = {isa = PBXFileReference; lastKnownFileType = sourcecode.c.objc; path = AppDelegate.m; sourceTree = "<group>"; };
		711F7CBE19FFB770009BEC4C /* Base */ = {isa = PBXFileReference; lastKnownFileType = file.storyboard; name = Base; path = Base.lproj/Main.storyboard; sourceTree = "<group>"; };
		711F7CC019FFB770009BEC4C /* Images.xcassets */ = {isa = PBXFileReference; lastKnownFileType = folder.assetcatalog; path = Images.xcassets; sourceTree = "<group>"; };
		711F7CC319FFB770009BEC4C /* Base */ = {isa = PBXFileReference; lastKnownFileType = file.xib; name = Base; path = Base.lproj/LaunchScreen.xib; sourceTree = "<group>"; };
		711F7CC919FFB770009BEC4C /* SimpleTableViewTests.xctest */ = {isa = PBXFileReference; explicitFileType = wrapper.cfbundle; includeInIndex = 0; path = SimpleTableViewTests.xctest; sourceTree = BUILT_PRODUCTS_DIR; };
		711F7CCE19FFB770009BEC4C /* Info.plist */ = {isa = PBXFileReference; lastKnownFileType = text.plist.xml; path = Info.plist; sourceTree = "<group>"; };
		711F7CCF19FFB770009BEC4C /* SimpleTableViewTests.m */ = {isa = PBXFileReference; lastKnownFileType = sourcecode.c.objc; path = SimpleTableViewTests.m; sourceTree = "<group>"; };
		711F7CD919FFB7B9009BEC4C /* TableViewController.h */ = {isa = PBXFileReference; fileEncoding = 4; lastKnownFileType = sourcecode.c.h; path = TableViewController.h; sourceTree = "<group>"; };
		711F7CDA19FFB7B9009BEC4C /* TableViewController.m */ = {isa = PBXFileReference; fileEncoding = 4; lastKnownFileType = sourcecode.c.objc; path = TableViewController.m; sourceTree = "<group>"; };
		711F7CDD19FFB7F6009BEC4C /* ThreeLabelsTableViewCell.h */ = {isa = PBXFileReference; fileEncoding = 4; lastKnownFileType = sourcecode.c.h; path = ThreeLabelsTableViewCell.h; sourceTree = "<group>"; };
		711F7CDE19FFB7F6009BEC4C /* ThreeLabelsTableViewCell.m */ = {isa = PBXFileReference; fileEncoding = 4; lastKnownFileType = sourcecode.c.objc; path = ThreeLabelsTableViewCell.m; sourceTree = "<group>"; };
		711F7CE019FFB991009BEC4C /* TableDataSource.h */ = {isa = PBXFileReference; fileEncoding = 4; lastKnownFileType = sourcecode.c.h; path = TableDataSource.h; sourceTree = "<group>"; };
		711F7CE119FFB991009BEC4C /* TableDataSource.m */ = {isa = PBXFileReference; fileEncoding = 4; lastKnownFileType = sourcecode.c.objc; path = TableDataSource.m; sourceTree = "<group>"; };
		711F7CE419FFBA79009BEC4C /* TrippleDeclaration.h */ = {isa = PBXFileReference; fileEncoding = 4; lastKnownFileType = sourcecode.c.h; path = TrippleDeclaration.h; sourceTree = "<group>"; };
		711F7CE519FFBA79009BEC4C /* TrippleDeclaration.m */ = {isa = PBXFileReference; fileEncoding = 4; lastKnownFileType = sourcecode.c.objc; path = TrippleDeclaration.m; sourceTree = "<group>"; };
		711F7CE719FFBB99009BEC4C /* ThreeLabelsTableViewCell+Configure.h */ = {isa = PBXFileReference; fileEncoding = 4; lastKnownFileType = sourcecode.c.h; path = "ThreeLabelsTableViewCell+Configure.h"; sourceTree = "<group>"; };
		711F7CE819FFBB99009BEC4C /* ThreeLabelsTableViewCell+Configure.m */ = {isa = PBXFileReference; fileEncoding = 4; lastKnownFileType = sourcecode.c.objc; path = "ThreeLabelsTableViewCell+Configure.m"; sourceTree = "<group>"; };
		711F7CEB19FFC12E009BEC4C /* data.json */ = {isa = PBXFileReference; fileEncoding = 4; lastKnownFileType = text.json; path = data.json; sourceTree = "<group>"; };
		711F7CEE19FFC6E8009BEC4C /* DataManager.h */ = {isa = PBXFileReference; fileEncoding = 4; lastKnownFileType = sourcecode.c.h; path = DataManager.h; sourceTree = "<group>"; };
		711F7CEF19FFC6E8009BEC4C /* DataManager.m */ = {isa = PBXFileReference; fileEncoding = 4; lastKnownFileType = sourcecode.c.objc; path = DataManager.m; sourceTree = "<group>"; };
/* End PBXFileReference section */

/* Begin PBXFrameworksBuildPhase section */
		711F7CAD19FFB770009BEC4C /* Frameworks */ = {
			isa = PBXFrameworksBuildPhase;
			buildActionMask = 2147483647;
			files = (
			);
			runOnlyForDeploymentPostprocessing = 0;
		};
		711F7CC619FFB770009BEC4C /* Frameworks */ = {
			isa = PBXFrameworksBuildPhase;
			buildActionMask = 2147483647;
			files = (
			);
			runOnlyForDeploymentPostprocessing = 0;
		};
/* End PBXFrameworksBuildPhase section */

/* Begin PBXGroup section */
		711F7CA719FFB770009BEC4C = {
			isa = PBXGroup;
			children = (
				711F7CB219FFB770009BEC4C /* SimpleTableView */,
				711F7CCC19FFB770009BEC4C /* SimpleTableViewTests */,
				711F7CB119FFB770009BEC4C /* Products */,
			);
			sourceTree = "<group>";
		};
		711F7CB119FFB770009BEC4C /* Products */ = {
			isa = PBXGroup;
			children = (
				711F7CB019FFB770009BEC4C /* SimpleTableView.app */,
				711F7CC919FFB770009BEC4C /* SimpleTableViewTests.xctest */,
			);
			name = Products;
			sourceTree = "<group>";
		};
		711F7CB219FFB770009BEC4C /* SimpleTableView */ = {
			isa = PBXGroup;
			children = (
				711F7CED19FFC6D2009BEC4C /* Controller */,
				711F7CEA19FFBFDB009BEC4C /* Target file */,
				711F7CE319FFBA49009BEC4C /* Model */,
				711F7CDC19FFB7D2009BEC4C /* Table cells */,
				711F7CB719FFB770009BEC4C /* AppDelegate.h */,
				711F7CB819FFB770009BEC4C /* AppDelegate.m */,
				711F7CBD19FFB770009BEC4C /* Main.storyboard */,
				711F7CC019FFB770009BEC4C /* Images.xcassets */,
				711F7CC219FFB770009BEC4C /* LaunchScreen.xib */,
				711F7CB319FFB770009BEC4C /* Supporting Files */,
				711F7CD919FFB7B9009BEC4C /* TableViewController.h */,
				711F7CDA19FFB7B9009BEC4C /* TableViewController.m */,
				711F7CE019FFB991009BEC4C /* TableDataSource.h */,
				711F7CE119FFB991009BEC4C /* TableDataSource.m */,
			);
			path = SimpleTableView;
			sourceTree = "<group>";
		};
		711F7CB319FFB770009BEC4C /* Supporting Files */ = {
			isa = PBXGroup;
			children = (
				711F7CB419FFB770009BEC4C /* Info.plist */,
				711F7CB519FFB770009BEC4C /* main.m */,
			);
			name = "Supporting Files";
			sourceTree = "<group>";
		};
		711F7CCC19FFB770009BEC4C /* SimpleTableViewTests */ = {
			isa = PBXGroup;
			children = (
				711F7CCF19FFB770009BEC4C /* SimpleTableViewTests.m */,
				711F7CCD19FFB770009BEC4C /* Supporting Files */,
			);
			path = SimpleTableViewTests;
			sourceTree = "<group>";
		};
		711F7CCD19FFB770009BEC4C /* Supporting Files */ = {
			isa = PBXGroup;
			children = (
				711F7CCE19FFB770009BEC4C /* Info.plist */,
			);
			name = "Supporting Files";
			sourceTree = "<group>";
		};
		711F7CDC19FFB7D2009BEC4C /* Table cells */ = {
			isa = PBXGroup;
			children = (
				711F7CDD19FFB7F6009BEC4C /* ThreeLabelsTableViewCell.h */,
				711F7CDE19FFB7F6009BEC4C /* ThreeLabelsTableViewCell.m */,
				711F7CE719FFBB99009BEC4C /* ThreeLabelsTableViewCell+Configure.h */,
				711F7CE819FFBB99009BEC4C /* ThreeLabelsTableViewCell+Configure.m */,
			);
			name = "Table cells";
			sourceTree = "<group>";
		};
		711F7CE319FFBA49009BEC4C /* Model */ = {
			isa = PBXGroup;
			children = (
				711F7CE419FFBA79009BEC4C /* TrippleDeclaration.h */,
				711F7CE519FFBA79009BEC4C /* TrippleDeclaration.m */,
			);
			name = Model;
			sourceTree = "<group>";
		};
		711F7CEA19FFBFDB009BEC4C /* Target file */ = {
			isa = PBXGroup;
			children = (
				711F7CEB19FFC12E009BEC4C /* data.json */,
			);
			name = "Target file";
			sourceTree = "<group>";
		};
		711F7CED19FFC6D2009BEC4C /* Controller */ = {
			isa = PBXGroup;
			children = (
				711F7CEE19FFC6E8009BEC4C /* DataManager.h */,
				711F7CEF19FFC6E8009BEC4C /* DataManager.m */,
			);
			name = Controller;
			sourceTree = "<group>";
		};
/* End PBXGroup section */

/* Begin PBXNativeTarget section */
		711F7CAF19FFB770009BEC4C /* SimpleTableView */ = {
			isa = PBXNativeTarget;
			buildConfigurationList = 711F7CD319FFB770009BEC4C /* Build configuration list for PBXNativeTarget "SimpleTableView" */;
			buildPhases = (
				711F7CAC19FFB770009BEC4C /* Sources */,
				711F7CAD19FFB770009BEC4C /* Frameworks */,
				711F7CAE19FFB770009BEC4C /* Resources */,
			);
			buildRules = (
			);
			dependencies = (
			);
			name = SimpleTableView;
			productName = SimpleTableView;
			productReference = 711F7CB019FFB770009BEC4C /* SimpleTableView.app */;
			productType = "com.apple.product-type.application";
		};
		711F7CC819FFB770009BEC4C /* SimpleTableViewTests */ = {
			isa = PBXNativeTarget;
			buildConfigurationList = 711F7CD619FFB770009BEC4C /* Build configuration list for PBXNativeTarget "SimpleTableViewTests" */;
			buildPhases = (
				711F7CC519FFB770009BEC4C /* Sources */,
				711F7CC619FFB770009BEC4C /* Frameworks */,
				711F7CC719FFB770009BEC4C /* Resources */,
			);
			buildRules = (
			);
			dependencies = (
				711F7CCB19FFB770009BEC4C /* PBXTargetDependency */,
			);
			name = SimpleTableViewTests;
			productName = SimpleTableViewTests;
			productReference = 711F7CC919FFB770009BEC4C /* SimpleTableViewTests.xctest */;
			productType = "com.apple.product-type.bundle.unit-test";
		};
/* End PBXNativeTarget section */

/* Begin PBXProject section */
		711F7CA819FFB770009BEC4C /* Project object */ = {
			isa = PBXProject;
			attributes = {
				LastUpgradeCheck = 0610;
				ORGANIZATIONNAME = "Nikita Levintsov";
				TargetAttributes = {
					711F7CAF19FFB770009BEC4C = {
						CreatedOnToolsVersion = 6.1;
					};
					711F7CC819FFB770009BEC4C = {
						CreatedOnToolsVersion = 6.1;
						TestTargetID = 711F7CAF19FFB770009BEC4C;
					};
				};
			};
			buildConfigurationList = 711F7CAB19FFB770009BEC4C /* Build configuration list for PBXProject "SimpleTableView" */;
			compatibilityVersion = "Xcode 3.2";
			developmentRegion = English;
			hasScannedForEncodings = 0;
			knownRegions = (
				en,
				Base,
			);
			mainGroup = 711F7CA719FFB770009BEC4C;
			productRefGroup = 711F7CB119FFB770009BEC4C /* Products */;
			projectDirPath = "";
			projectRoot = "";
			targets = (
				711F7CAF19FFB770009BEC4C /* SimpleTableView */,
				711F7CC819FFB770009BEC4C /* SimpleTableViewTests */,
			);
		};
/* End PBXProject section */

/* Begin PBXResourcesBuildPhase section */
		711F7CAE19FFB770009BEC4C /* Resources */ = {
			isa = PBXResourcesBuildPhase;
			buildActionMask = 2147483647;
			files = (
				711F7CBF19FFB770009BEC4C /* Main.storyboard in Resources */,
				711F7CC419FFB770009BEC4C /* LaunchScreen.xib in Resources */,
				711F7CC119FFB770009BEC4C /* Images.xcassets in Resources */,
				711F7CEC19FFC12E009BEC4C /* data.json in Resources */,
			);
			runOnlyForDeploymentPostprocessing = 0;
		};
		711F7CC719FFB770009BEC4C /* Resources */ = {
			isa = PBXResourcesBuildPhase;
			buildActionMask = 2147483647;
			files = (
			);
			runOnlyForDeploymentPostprocessing = 0;
		};
/* End PBXResourcesBuildPhase section */

/* Begin PBXSourcesBuildPhase section */
		711F7CAC19FFB770009BEC4C /* Sources */ = {
			isa = PBXSourcesBuildPhase;
			buildActionMask = 2147483647;
			files = (
				711F7CB919FFB770009BEC4C /* AppDelegate.m in Sources */,
				711F7CE919FFBB99009BEC4C /* ThreeLabelsTableViewCell+Configure.m in Sources */,
				711F7CE619FFBA79009BEC4C /* TrippleDeclaration.m in Sources */,
				711F7CE219FFB991009BEC4C /* TableDataSource.m in Sources */,
				711F7CDB19FFB7B9009BEC4C /* TableViewController.m in Sources */,
				711F7CF019FFC6E8009BEC4C /* DataManager.m in Sources */,
				711F7CB619FFB770009BEC4C /* main.m in Sources */,
				711F7CDF19FFB7F6009BEC4C /* ThreeLabelsTableViewCell.m in Sources */,
			);
			runOnlyForDeploymentPostprocessing = 0;
		};
		711F7CC519FFB770009BEC4C /* Sources */ = {
			isa = PBXSourcesBuildPhase;
			buildActionMask = 2147483647;
			files = (
				711F7CD019FFB770009BEC4C /* SimpleTableViewTests.m in Sources */,
			);
			runOnlyForDeploymentPostprocessing = 0;
		};
/* End PBXSourcesBuildPhase section */

/* Begin PBXTargetDependency section */
		711F7CCB19FFB770009BEC4C /* PBXTargetDependency */ = {
			isa = PBXTargetDependency;
			target = 711F7CAF19FFB770009BEC4C /* SimpleTableView */;
			targetProxy = 711F7CCA19FFB770009BEC4C /* PBXContainerItemProxy */;
		};
/* End PBXTargetDependency section */

/* Begin PBXVariantGroup section */
		711F7CBD19FFB770009BEC4C /* Main.storyboard */ = {
			isa = PBXVariantGroup;
			children = (
				711F7CBE19FFB770009BEC4C /* Base */,
			);
			name = Main.storyboard;
			sourceTree = "<group>";
		};
		711F7CC219FFB770009BEC4C /* LaunchScreen.xib */ = {
			isa = PBXVariantGroup;
			children = (
				711F7CC319FFB770009BEC4C /* Base */,
			);
			name = LaunchScreen.xib;
			sourceTree = "<group>";
		};
/* End PBXVariantGroup section */

/* Begin XCBuildConfiguration section */
		711F7CD119FFB770009BEC4C /* Debug */ = {
			isa = XCBuildConfiguration;
			buildSettings = {
				ALWAYS_SEARCH_USER_PATHS = NO;
				CLANG_CXX_LANGUAGE_STANDARD = "gnu++0x";
				CLANG_CXX_LIBRARY = "libc++";
				CLANG_ENABLE_MODULES = YES;
				CLANG_ENABLE_OBJC_ARC = YES;
				CLANG_WARN_BOOL_CONVERSION = YES;
				CLANG_WARN_CONSTANT_CONVERSION = YES;
				CLANG_WARN_DIRECT_OBJC_ISA_USAGE = YES_ERROR;
				CLANG_WARN_EMPTY_BODY = YES;
				CLANG_WARN_ENUM_CONVERSION = YES;
				CLANG_WARN_INT_CONVERSION = YES;
				CLANG_WARN_OBJC_ROOT_CLASS = YES_ERROR;
				CLANG_WARN_UNREACHABLE_CODE = YES;
				CLANG_WARN__DUPLICATE_METHOD_MATCH = YES;
				"CODE_SIGN_IDENTITY[sdk=iphoneos*]" = "iPhone Developer";
				COPY_PHASE_STRIP = NO;
				ENABLE_STRICT_OBJC_MSGSEND = YES;
				GCC_C_LANGUAGE_STANDARD = gnu99;
				GCC_DYNAMIC_NO_PIC = NO;
				GCC_OPTIMIZATION_LEVEL = 0;
				GCC_PREPROCESSOR_DEFINITIONS = (
					"DEBUG=1",
					"$(inherited)",
				);
				GCC_SYMBOLS_PRIVATE_EXTERN = NO;
				GCC_WARN_64_TO_32_BIT_CONVERSION = YES;
				GCC_WARN_ABOUT_RETURN_TYPE = YES_ERROR;
				GCC_WARN_UNDECLARED_SELECTOR = YES;
				GCC_WARN_UNINITIALIZED_AUTOS = YES_AGGRESSIVE;
				GCC_WARN_UNUSED_FUNCTION = YES;
				GCC_WARN_UNUSED_VARIABLE = YES;
				IPHONEOS_DEPLOYMENT_TARGET = 8.1;
				MTL_ENABLE_DEBUG_INFO = YES;
				ONLY_ACTIVE_ARCH = YES;
				SDKROOT = iphoneos;
			};
			name = Debug;
		};
		711F7CD219FFB770009BEC4C /* Release */ = {
			isa = XCBuildConfiguration;
			buildSettings = {
				ALWAYS_SEARCH_USER_PATHS = NO;
				CLANG_CXX_LANGUAGE_STANDARD = "gnu++0x";
				CLANG_CXX_LIBRARY = "libc++";
				CLANG_ENABLE_MODULES = YES;
				CLANG_ENABLE_OBJC_ARC = YES;
				CLANG_WARN_BOOL_CONVERSION = YES;
				CLANG_WARN_CONSTANT_CONVERSION = YES;
				CLANG_WARN_DIRECT_OBJC_ISA_USAGE = YES_ERROR;
				CLANG_WARN_EMPTY_BODY = YES;
				CLANG_WARN_ENUM_CONVERSION = YES;
				CLANG_WARN_INT_CONVERSION = YES;
				CLANG_WARN_OBJC_ROOT_CLASS = YES_ERROR;
				CLANG_WARN_UNREACHABLE_CODE = YES;
				CLANG_WARN__DUPLICATE_METHOD_MATCH = YES;
				"CODE_SIGN_IDENTITY[sdk=iphoneos*]" = "iPhone Developer";
				COPY_PHASE_STRIP = YES;
				ENABLE_NS_ASSERTIONS = NO;
				ENABLE_STRICT_OBJC_MSGSEND = YES;
				GCC_C_LANGUAGE_STANDARD = gnu99;
				GCC_WARN_64_TO_32_BIT_CONVERSION = YES;
				GCC_WARN_ABOUT_RETURN_TYPE = YES_ERROR;
				GCC_WARN_UNDECLARED_SELECTOR = YES;
				GCC_WARN_UNINITIALIZED_AUTOS = YES_AGGRESSIVE;
				GCC_WARN_UNUSED_FUNCTION = YES;
				GCC_WARN_UNUSED_VARIABLE = YES;
				IPHONEOS_DEPLOYMENT_TARGET = 8.1;
				MTL_ENABLE_DEBUG_INFO = NO;
				SDKROOT = iphoneos;
				VALIDATE_PRODUCT = YES;
			};
			name = Release;
		};
		711F7CD419FFB770009BEC4C /* Debug */ = {
			isa = XCBuildConfiguration;
			buildSettings = {
				ASSETCATALOG_COMPILER_APPICON_NAME = AppIcon;
				INFOPLIST_FILE = SimpleTableView/Info.plist;
				LD_RUNPATH_SEARCH_PATHS = "$(inherited) @executable_path/Frameworks";
				PRODUCT_NAME = "$(TARGET_NAME)";
			};
			name = Debug;
		};
		711F7CD519FFB770009BEC4C /* Release */ = {
			isa = XCBuildConfiguration;
			buildSettings = {
				ASSETCATALOG_COMPILER_APPICON_NAME = AppIcon;
				INFOPLIST_FILE = SimpleTableView/Info.plist;
				LD_RUNPATH_SEARCH_PATHS = "$(inherited) @executable_path/Frameworks";
				PRODUCT_NAME = "$(TARGET_NAME)";
			};
			name = Release;
		};
		711F7CD719FFB770009BEC4C /* Debug */ = {
			isa = XCBuildConfiguration;
			buildSettings = {
				BUNDLE_LOADER = "$(TEST_HOST)";
				FRAMEWORK_SEARCH_PATHS = (
					"$(SDKROOT)/Developer/Library/Frameworks",
					"$(inherited)",
				);
				GCC_PREPROCESSOR_DEFINITIONS = (
					"DEBUG=1",
					"$(inherited)",
				);
				INFOPLIST_FILE = SimpleTableViewTests/Info.plist;
				LD_RUNPATH_SEARCH_PATHS = "$(inherited) @executable_path/Frameworks @loader_path/Frameworks";
				PRODUCT_NAME = "$(TARGET_NAME)";
				TEST_HOST = "$(BUILT_PRODUCTS_DIR)/SimpleTableView.app/SimpleTableView";
			};
			name = Debug;
		};
		711F7CD819FFB770009BEC4C /* Release */ = {
			isa = XCBuildConfiguration;
			buildSettings = {
				BUNDLE_LOADER = "$(TEST_HOST)";
				FRAMEWORK_SEARCH_PATHS = (
					"$(SDKROOT)/Developer/Library/Frameworks",
					"$(inherited)",
				);
				INFOPLIST_FILE = SimpleTableViewTests/Info.plist;
				LD_RUNPATH_SEARCH_PATHS = "$(inherited) @executable_path/Frameworks @loader_path/Frameworks";
				PRODUCT_NAME = "$(TARGET_NAME)";
				TEST_HOST = "$(BUILT_PRODUCTS_DIR)/SimpleTableView.app/SimpleTableView";
			};
			name = Release;
		};
/* End XCBuildConfiguration section */

/* Begin XCConfigurationList section */
		711F7CAB19FFB770009BEC4C /* Build configuration list for PBXProject "SimpleTableView" */ = {
			isa = XCConfigurationList;
			buildConfigurations = (
				711F7CD119FFB770009BEC4C /* Debug */,
				711F7CD219FFB770009BEC4C /* Release */,
			);
			defaultConfigurationIsVisible = 0;
			defaultConfigurationName = Release;
		};
		711F7CD319FFB770009BEC4C /* Build configuration list for PBXNativeTarget "SimpleTableView" */ = {
			isa = XCConfigurationList;
			buildConfigurations = (
				711F7CD419FFB770009BEC4C /* Debug */,
				711F7CD519FFB770009BEC4C /* Release */,
			);
			defaultConfigurationIsVisible = 0;
		};
		711F7CD619FFB770009BEC4C /* Build configuration list for PBXNativeTarget "SimpleTableViewTests" */ = {
			isa = XCConfigurationList;
			buildConfigurations = (
				711F7CD719FFB770009BEC4C /* Debug */,
				711F7CD819FFB770009BEC4C /* Release */,
			);
			defaultConfigurationIsVisible = 0;
		};
/* End XCConfigurationList section */
	};
	rootObject = 711F7CA819FFB770009BEC4C /* Project object */;
}
